// !$*UTF8*$!
{
	archiveVersion = 1;
	classes = {
	};
	objectVersion = 46;
	objects = {

/* Begin PBXBuildFile section */
		077630391E57F7EA00A920D2 /* main.m in Sources */ = {isa = PBXBuildFile; fileRef = 077630381E57F7EA00A920D2 /* main.m */; };
		0776303C1E57F7EA00A920D2 /* AppDelegate.m in Sources */ = {isa = PBXBuildFile; fileRef = 0776303B1E57F7EA00A920D2 /* AppDelegate.m */; };
		0776303F1E57F7EA00A920D2 /* ViewController.m in Sources */ = {isa = PBXBuildFile; fileRef = 0776303E1E57F7EA00A920D2 /* ViewController.m */; };
		077630421E57F7EA00A920D2 /* Main.storyboard in Resources */ = {isa = PBXBuildFile; fileRef = 077630401E57F7EA00A920D2 /* Main.storyboard */; };
		077630441E57F7EA00A920D2 /* Assets.xcassets in Resources */ = {isa = PBXBuildFile; fileRef = 077630431E57F7EA00A920D2 /* Assets.xcassets */; };
		077630471E57F7EA00A920D2 /* LaunchScreen.storyboard in Resources */ = {isa = PBXBuildFile; fileRef = 077630451E57F7EA00A920D2 /* LaunchScreen.storyboard */; };
		077630521E57F7EB00A920D2 /* demoTests.m in Sources */ = {isa = PBXBuildFile; fileRef = 077630511E57F7EB00A920D2 /* demoTests.m */; };
		0776305D1E57F7EB00A920D2 /* demoUITests.m in Sources */ = {isa = PBXBuildFile; fileRef = 0776305C1E57F7EB00A920D2 /* demoUITests.m */; };
		0776306E1E582A6000A920D2 /* TabelViewCell.m in Sources */ = {isa = PBXBuildFile; fileRef = 0776306C1E582A6000A920D2 /* TabelViewCell.m */; };
		0776306F1E582A6000A920D2 /* TabelViewCell.xib in Resources */ = {isa = PBXBuildFile; fileRef = 0776306D1E582A6000A920D2 /* TabelViewCell.xib */; };
		07A4A2421E586B9F008B76E4 /* model.m in Sources */ = {isa = PBXBuildFile; fileRef = 07A4A2411E586B9F008B76E4 /* model.m */; };
		07A4A2451E5A8DCC008B76E4 /* YKViewController.m in Sources */ = {isa = PBXBuildFile; fileRef = 07A4A2441E5A8DCC008B76E4 /* YKViewController.m */; };
		07A4A2481E5AB380008B76E4 /* YKBottomView.m in Sources */ = {isa = PBXBuildFile; fileRef = 07A4A2471E5AB380008B76E4 /* YKBottomView.m */; };
		07A4A24A1E5ABCD6008B76E4 /* YKBottomView.xib in Resources */ = {isa = PBXBuildFile; fileRef = 07A4A2491E5ABCD6008B76E4 /* YKBottomView.xib */; };
		07A4A24D1E5AC5C1008B76E4 /* GenderView.m in Sources */ = {isa = PBXBuildFile; fileRef = 07A4A24C1E5AC5C1008B76E4 /* GenderView.m */; };
		07A4A24F1E5AC5CF008B76E4 /* GenderView.xib in Resources */ = {isa = PBXBuildFile; fileRef = 07A4A24E1E5AC5CF008B76E4 /* GenderView.xib */; };
/* End PBXBuildFile section */

/* Begin PBXContainerItemProxy section */
		0776304E1E57F7EB00A920D2 /* PBXContainerItemProxy */ = {
			isa = PBXContainerItemProxy;
			containerPortal = 0776302C1E57F7EA00A920D2 /* Project object */;
			proxyType = 1;
			remoteGlobalIDString = 077630331E57F7EA00A920D2;
			remoteInfo = demo;
		};
		077630591E57F7EB00A920D2 /* PBXContainerItemProxy */ = {
			isa = PBXContainerItemProxy;
			containerPortal = 0776302C1E57F7EA00A920D2 /* Project object */;
			proxyType = 1;
			remoteGlobalIDString = 077630331E57F7EA00A920D2;
			remoteInfo = demo;
		};
/* End PBXContainerItemProxy section */

/* Begin PBXFileReference section */
		077630341E57F7EA00A920D2 /* demo.app */ = {isa = PBXFileReference; explicitFileType = wrapper.application; includeInIndex = 0; path = demo.app; sourceTree = BUILT_PRODUCTS_DIR; };
		077630381E57F7EA00A920D2 /* main.m */ = {isa = PBXFileReference; lastKnownFileType = sourcecode.c.objc; path = main.m; sourceTree = "<group>"; };
		0776303A1E57F7EA00A920D2 /* AppDelegate.h */ = {isa = PBXFileReference; lastKnownFileType = sourcecode.c.h; path = AppDelegate.h; sourceTree = "<group>"; };
		0776303B1E57F7EA00A920D2 /* AppDelegate.m */ = {isa = PBXFileReference; lastKnownFileType = sourcecode.c.objc; path = AppDelegate.m; sourceTree = "<group>"; };
		0776303D1E57F7EA00A920D2 /* ViewController.h */ = {isa = PBXFileReference; lastKnownFileType = sourcecode.c.h; path = ViewController.h; sourceTree = "<group>"; };
		0776303E1E57F7EA00A920D2 /* ViewController.m */ = {isa = PBXFileReference; lastKnownFileType = sourcecode.c.objc; path = ViewController.m; sourceTree = "<group>"; };
		077630411E57F7EA00A920D2 /* Base */ = {isa = PBXFileReference; lastKnownFileType = file.storyboard; name = Base; path = Base.lproj/Main.storyboard; sourceTree = "<group>"; };
		077630431E57F7EA00A920D2 /* Assets.xcassets */ = {isa = PBXFileReference; lastKnownFileType = folder.assetcatalog; path = Assets.xcassets; sourceTree = "<group>"; };
		077630461E57F7EA00A920D2 /* Base */ = {isa = PBXFileReference; lastKnownFileType = file.storyboard; name = Base; path = Base.lproj/LaunchScreen.storyboard; sourceTree = "<group>"; };
		077630481E57F7EA00A920D2 /* Info.plist */ = {isa = PBXFileReference; lastKnownFileType = text.plist.xml; path = Info.plist; sourceTree = "<group>"; };
		0776304D1E57F7EB00A920D2 /* demoTests.xctest */ = {isa = PBXFileReference; explicitFileType = wrapper.cfbundle; includeInIndex = 0; path = demoTests.xctest; sourceTree = BUILT_PRODUCTS_DIR; };
		077630511E57F7EB00A920D2 /* demoTests.m */ = {isa = PBXFileReference; lastKnownFileType = sourcecode.c.objc; path = demoTests.m; sourceTree = "<group>"; };
		077630531E57F7EB00A920D2 /* Info.plist */ = {isa = PBXFileReference; lastKnownFileType = text.plist.xml; path = Info.plist; sourceTree = "<group>"; };
		077630581E57F7EB00A920D2 /* demoUITests.xctest */ = {isa = PBXFileReference; explicitFileType = wrapper.cfbundle; includeInIndex = 0; path = demoUITests.xctest; sourceTree = BUILT_PRODUCTS_DIR; };
		0776305C1E57F7EB00A920D2 /* demoUITests.m */ = {isa = PBXFileReference; lastKnownFileType = sourcecode.c.objc; path = demoUITests.m; sourceTree = "<group>"; };
		0776305E1E57F7EB00A920D2 /* Info.plist */ = {isa = PBXFileReference; lastKnownFileType = text.plist.xml; path = Info.plist; sourceTree = "<group>"; };
		0776306B1E582A6000A920D2 /* TabelViewCell.h */ = {isa = PBXFileReference; fileEncoding = 4; lastKnownFileType = sourcecode.c.h; path = TabelViewCell.h; sourceTree = "<group>"; };
		0776306C1E582A6000A920D2 /* TabelViewCell.m */ = {isa = PBXFileReference; fileEncoding = 4; lastKnownFileType = sourcecode.c.objc; path = TabelViewCell.m; sourceTree = "<group>"; };
		0776306D1E582A6000A920D2 /* TabelViewCell.xib */ = {isa = PBXFileReference; fileEncoding = 4; lastKnownFileType = file.xib; path = TabelViewCell.xib; sourceTree = "<group>"; };
		07A4A2401E586B9F008B76E4 /* model.h */ = {isa = PBXFileReference; fileEncoding = 4; lastKnownFileType = sourcecode.c.h; path = model.h; sourceTree = "<group>"; };
		07A4A2411E586B9F008B76E4 /* model.m */ = {isa = PBXFileReference; fileEncoding = 4; lastKnownFileType = sourcecode.c.objc; path = model.m; sourceTree = "<group>"; };
		07A4A2431E5A8DCC008B76E4 /* YKViewController.h */ = {isa = PBXFileReference; fileEncoding = 4; lastKnownFileType = sourcecode.c.h; path = YKViewController.h; sourceTree = "<group>"; };
		07A4A2441E5A8DCC008B76E4 /* YKViewController.m */ = {isa = PBXFileReference; fileEncoding = 4; lastKnownFileType = sourcecode.c.objc; path = YKViewController.m; sourceTree = "<group>"; };
		07A4A2461E5AB380008B76E4 /* YKBottomView.h */ = {isa = PBXFileReference; fileEncoding = 4; lastKnownFileType = sourcecode.c.h; path = YKBottomView.h; sourceTree = "<group>"; };
		07A4A2471E5AB380008B76E4 /* YKBottomView.m */ = {isa = PBXFileReference; fileEncoding = 4; lastKnownFileType = sourcecode.c.objc; path = YKBottomView.m; sourceTree = "<group>"; };
		07A4A2491E5ABCD6008B76E4 /* YKBottomView.xib */ = {isa = PBXFileReference; fileEncoding = 4; lastKnownFileType = file.xib; path = YKBottomView.xib; sourceTree = "<group>"; };
		07A4A24B1E5AC5C1008B76E4 /* GenderView.h */ = {isa = PBXFileReference; fileEncoding = 4; lastKnownFileType = sourcecode.c.h; path = GenderView.h; sourceTree = "<group>"; };
		07A4A24C1E5AC5C1008B76E4 /* GenderView.m */ = {isa = PBXFileReference; fileEncoding = 4; lastKnownFileType = sourcecode.c.objc; path = GenderView.m; sourceTree = "<group>"; };
		07A4A24E1E5AC5CF008B76E4 /* GenderView.xib */ = {isa = PBXFileReference; fileEncoding = 4; lastKnownFileType = file.xib; path = GenderView.xib; sourceTree = "<group>"; };
/* End PBXFileReference section */

/* Begin PBXFrameworksBuildPhase section */
		077630311E57F7EA00A920D2 /* Frameworks */ = {
			isa = PBXFrameworksBuildPhase;
			buildActionMask = 2147483647;
			files = (
			);
			runOnlyForDeploymentPostprocessing = 0;
		};
		0776304A1E57F7EB00A920D2 /* Frameworks */ = {
			isa = PBXFrameworksBuildPhase;
			buildActionMask = 2147483647;
			files = (
			);
			runOnlyForDeploymentPostprocessing = 0;
		};
		077630551E57F7EB00A920D2 /* Frameworks */ = {
			isa = PBXFrameworksBuildPhase;
			buildActionMask = 2147483647;
			files = (
			);
			runOnlyForDeploymentPostprocessing = 0;
		};
/* End PBXFrameworksBuildPhase section */

/* Begin PBXGroup section */
		0776302B1E57F7EA00A920D2 = {
			isa = PBXGroup;
			children = (
				077630361E57F7EA00A920D2 /* demo */,
				077630501E57F7EB00A920D2 /* demoTests */,
				0776305B1E57F7EB00A920D2 /* demoUITests */,
				077630351E57F7EA00A920D2 /* Products */,
			);
			sourceTree = "<group>";
		};
		077630351E57F7EA00A920D2 /* Products */ = {
			isa = PBXGroup;
			children = (
				077630341E57F7EA00A920D2 /* demo.app */,
				0776304D1E57F7EB00A920D2 /* demoTests.xctest */,
				077630581E57F7EB00A920D2 /* demoUITests.xctest */,
			);
			name = Products;
			sourceTree = "<group>";
		};
		077630361E57F7EA00A920D2 /* demo */ = {
			isa = PBXGroup;
			children = (
				07A4A23F1E586B64008B76E4 /* Model */,
				0776306A1E582A2300A920D2 /* View */,
				0776303A1E57F7EA00A920D2 /* AppDelegate.h */,
				0776303B1E57F7EA00A920D2 /* AppDelegate.m */,
				0776303D1E57F7EA00A920D2 /* ViewController.h */,
				0776303E1E57F7EA00A920D2 /* ViewController.m */,
				07A4A2431E5A8DCC008B76E4 /* YKViewController.h */,
				07A4A2441E5A8DCC008B76E4 /* YKViewController.m */,
				077630401E57F7EA00A920D2 /* Main.storyboard */,
				077630431E57F7EA00A920D2 /* Assets.xcassets */,
				077630451E57F7EA00A920D2 /* LaunchScreen.storyboard */,
				077630481E57F7EA00A920D2 /* Info.plist */,
				077630371E57F7EA00A920D2 /* Supporting Files */,
			);
			path = demo;
			sourceTree = "<group>";
		};
		077630371E57F7EA00A920D2 /* Supporting Files */ = {
			isa = PBXGroup;
			children = (
				077630381E57F7EA00A920D2 /* main.m */,
			);
			name = "Supporting Files";
			sourceTree = "<group>";
		};
		077630501E57F7EB00A920D2 /* demoTests */ = {
			isa = PBXGroup;
			children = (
				077630511E57F7EB00A920D2 /* demoTests.m */,
				077630531E57F7EB00A920D2 /* Info.plist */,
			);
			path = demoTests;
			sourceTree = "<group>";
		};
		0776305B1E57F7EB00A920D2 /* demoUITests */ = {
			isa = PBXGroup;
			children = (
				0776305C1E57F7EB00A920D2 /* demoUITests.m */,
				0776305E1E57F7EB00A920D2 /* Info.plist */,
			);
			path = demoUITests;
			sourceTree = "<group>";
		};
		0776306A1E582A2300A920D2 /* View */ = {
			isa = PBXGroup;
			children = (
				0776306B1E582A6000A920D2 /* TabelViewCell.h */,
				0776306C1E582A6000A920D2 /* TabelViewCell.m */,
				0776306D1E582A6000A920D2 /* TabelViewCell.xib */,
				07A4A2461E5AB380008B76E4 /* YKBottomView.h */,
				07A4A2471E5AB380008B76E4 /* YKBottomView.m */,
				07A4A2491E5ABCD6008B76E4 /* YKBottomView.xib */,
				07A4A24B1E5AC5C1008B76E4 /* GenderView.h */,
				07A4A24C1E5AC5C1008B76E4 /* GenderView.m */,
				07A4A24E1E5AC5CF008B76E4 /* GenderView.xib */,
			);
			name = View;
			sourceTree = "<group>";
		};
		07A4A23F1E586B64008B76E4 /* Model */ = {
			isa = PBXGroup;
			children = (
				07A4A2401E586B9F008B76E4 /* model.h */,
				07A4A2411E586B9F008B76E4 /* model.m */,
			);
			name = Model;
			sourceTree = "<group>";
		};
/* End PBXGroup section */

/* Begin PBXNativeTarget section */
		077630331E57F7EA00A920D2 /* demo */ = {
			isa = PBXNativeTarget;
			buildConfigurationList = 077630611E57F7EB00A920D2 /* Build configuration list for PBXNativeTarget "demo" */;
			buildPhases = (
				077630301E57F7EA00A920D2 /* Sources */,
				077630311E57F7EA00A920D2 /* Frameworks */,
				077630321E57F7EA00A920D2 /* Resources */,
			);
			buildRules = (
			);
			dependencies = (
			);
			name = demo;
			productName = demo;
			productReference = 077630341E57F7EA00A920D2 /* demo.app */;
			productType = "com.apple.product-type.application";
		};
		0776304C1E57F7EB00A920D2 /* demoTests */ = {
			isa = PBXNativeTarget;
			buildConfigurationList = 077630641E57F7EB00A920D2 /* Build configuration list for PBXNativeTarget "demoTests" */;
			buildPhases = (
				077630491E57F7EB00A920D2 /* Sources */,
				0776304A1E57F7EB00A920D2 /* Frameworks */,
				0776304B1E57F7EB00A920D2 /* Resources */,
			);
			buildRules = (
			);
			dependencies = (
				0776304F1E57F7EB00A920D2 /* PBXTargetDependency */,
			);
			name = demoTests;
			productName = demoTests;
			productReference = 0776304D1E57F7EB00A920D2 /* demoTests.xctest */;
			productType = "com.apple.product-type.bundle.unit-test";
		};
		077630571E57F7EB00A920D2 /* demoUITests */ = {
			isa = PBXNativeTarget;
			buildConfigurationList = 077630671E57F7EB00A920D2 /* Build configuration list for PBXNativeTarget "demoUITests" */;
			buildPhases = (
				077630541E57F7EB00A920D2 /* Sources */,
				077630551E57F7EB00A920D2 /* Frameworks */,
				077630561E57F7EB00A920D2 /* Resources */,
			);
			buildRules = (
			);
			dependencies = (
				0776305A1E57F7EB00A920D2 /* PBXTargetDependency */,
			);
			name = demoUITests;
			productName = demoUITests;
			productReference = 077630581E57F7EB00A920D2 /* demoUITests.xctest */;
			productType = "com.apple.product-type.bundle.ui-testing";
		};
/* End PBXNativeTarget section */

/* Begin PBXProject section */
		0776302C1E57F7EA00A920D2 /* Project object */ = {
			isa = PBXProject;
			attributes = {
				LastUpgradeCheck = 0820;
				ORGANIZATIONNAME = eric;
				TargetAttributes = {
					077630331E57F7EA00A920D2 = {
						CreatedOnToolsVersion = 8.2.1;
						DevelopmentTeam = 4UED9RKQF6;
						ProvisioningStyle = Automatic;
					};
					0776304C1E57F7EB00A920D2 = {
						CreatedOnToolsVersion = 8.2.1;
						ProvisioningStyle = Automatic;
						TestTargetID = 077630331E57F7EA00A920D2;
					};
					077630571E57F7EB00A920D2 = {
						CreatedOnToolsVersion = 8.2.1;
						ProvisioningStyle = Automatic;
						TestTargetID = 077630331E57F7EA00A920D2;
					};
				};
			};
			buildConfigurationList = 0776302F1E57F7EA00A920D2 /* Build configuration list for PBXProject "demo" */;
			compatibilityVersion = "Xcode 3.2";
			developmentRegion = English;
			hasScannedForEncodings = 0;
			knownRegions = (
				en,
				Base,
			);
			mainGroup = 0776302B1E57F7EA00A920D2;
			productRefGroup = 077630351E57F7EA00A920D2 /* Products */;
			projectDirPath = "";
			projectRoot = "";
			targets = (
				077630331E57F7EA00A920D2 /* demo */,
				0776304C1E57F7EB00A920D2 /* demoTests */,
				077630571E57F7EB00A920D2 /* demoUITests */,
			);
		};
/* End PBXProject section */

/* Begin PBXResourcesBuildPhase section */
		077630321E57F7EA00A920D2 /* Resources */ = {
			isa = PBXResourcesBuildPhase;
			buildActionMask = 2147483647;
			files = (
				077630471E57F7EA00A920D2 /* LaunchScreen.storyboard in Resources */,
				07A4A24F1E5AC5CF008B76E4 /* GenderView.xib in Resources */,
				0776306F1E582A6000A920D2 /* TabelViewCell.xib in Resources */,
				07A4A24A1E5ABCD6008B76E4 /* YKBottomView.xib in Resources */,
				077630441E57F7EA00A920D2 /* Assets.xcassets in Resources */,
				077630421E57F7EA00A920D2 /* Main.storyboard in Resources */,
			);
			runOnlyForDeploymentPostprocessing = 0;
		};
		0776304B1E57F7EB00A920D2 /* Resources */ = {
			isa = PBXResourcesBuildPhase;
			buildActionMask = 2147483647;
			files = (
			);
			runOnlyForDeploymentPostprocessing = 0;
		};
		077630561E57F7EB00A920D2 /* Resources */ = {
			isa = PBXResourcesBuildPhase;
			buildActionMask = 2147483647;
			files = (
			);
			runOnlyForDeploymentPostprocessing = 0;
		};
/* End PBXResourcesBuildPhase section */

/* Begin PBXSourcesBuildPhase section */
		077630301E57F7EA00A920D2 /* Sources */ = {
			isa = PBXSourcesBuildPhase;
			buildActionMask = 2147483647;
			files = (
				0776303F1E57F7EA00A920D2 /* ViewController.m in Sources */,
				07A4A2421E586B9F008B76E4 /* model.m in Sources */,
				07A4A2481E5AB380008B76E4 /* YKBottomView.m in Sources */,
				0776306E1E582A6000A920D2 /* TabelViewCell.m in Sources */,
				0776303C1E57F7EA00A920D2 /* AppDelegate.m in Sources */,
				07A4A2451E5A8DCC008B76E4 /* YKViewController.m in Sources */,
				077630391E57F7EA00A920D2 /* main.m in Sources */,
				07A4A24D1E5AC5C1008B76E4 /* GenderView.m in Sources */,
			);
			runOnlyForDeploymentPostprocessing = 0;
		};
		077630491E57F7EB00A920D2 /* Sources */ = {
			isa = PBXSourcesBuildPhase;
			buildActionMask = 2147483647;
			files = (
				077630521E57F7EB00A920D2 /* demoTests.m in Sources */,
			);
			runOnlyForDeploymentPostprocessing = 0;
		};
		077630541E57F7EB00A920D2 /* Sources */ = {
			isa = PBXSourcesBuildPhase;
			buildActionMask = 2147483647;
			files = (
				0776305D1E57F7EB00A920D2 /* demoUITests.m in Sources */,
			);
			runOnlyForDeploymentPostprocessing = 0;
		};
/* End PBXSourcesBuildPhase section */

/* Begin PBXTargetDependency section */
		0776304F1E57F7EB00A920D2 /* PBXTargetDependency */ = {
			isa = PBXTargetDependency;
			target = 077630331E57F7EA00A920D2 /* demo */;
			targetProxy = 0776304E1E57F7EB00A920D2 /* PBXContainerItemProxy */;
		};
		0776305A1E57F7EB00A920D2 /* PBXTargetDependency */ = {
			isa = PBXTargetDependency;
			target = 077630331E57F7EA00A920D2 /* demo */;
			targetProxy = 077630591E57F7EB00A920D2 /* PBXContainerItemProxy */;
		};
/* End PBXTargetDependency section */

/* Begin PBXVariantGroup section */
		077630401E57F7EA00A920D2 /* Main.storyboard */ = {
			isa = PBXVariantGroup;
			children = (
				077630411E57F7EA00A920D2 /* Base */,
			);
			name = Main.storyboard;
			sourceTree = "<group>";
		};
		077630451E57F7EA00A920D2 /* LaunchScreen.storyboard */ = {
			isa = PBXVariantGroup;
			children = (
				077630461E57F7EA00A920D2 /* Base */,
			);
			name = LaunchScreen.storyboard;
			sourceTree = "<group>";
		};
/* End PBXVariantGroup section */

/* Begin XCBuildConfiguration section */
		0776305F1E57F7EB00A920D2 /* Debug */ = {
			isa = XCBuildConfiguration;
			buildSettings = {
				ALWAYS_SEARCH_USER_PATHS = NO;
				CLANG_ANALYZER_NONNULL = YES;
				CLANG_CXX_LANGUAGE_STANDARD = "gnu++0x";
				CLANG_CXX_LIBRARY = "libc++";
				CLANG_ENABLE_MODULES = YES;
				CLANG_ENABLE_OBJC_ARC = YES;
				CLANG_WARN_BOOL_CONVERSION = YES;
				CLANG_WARN_CONSTANT_CONVERSION = YES;
				CLANG_WARN_DIRECT_OBJC_ISA_USAGE = YES_ERROR;
				CLANG_WARN_DOCUMENTATION_COMMENTS = YES;
				CLANG_WARN_EMPTY_BODY = YES;
				CLANG_WARN_ENUM_CONVERSION = YES;
				CLANG_WARN_INFINITE_RECURSION = YES;
				CLANG_WARN_INT_CONVERSION = YES;
				CLANG_WARN_OBJC_ROOT_CLASS = YES_ERROR;
				CLANG_WARN_SUSPICIOUS_MOVE = YES;
				CLANG_WARN_UNREACHABLE_CODE = YES;
				CLANG_WARN__DUPLICATE_METHOD_MATCH = YES;
				"CODE_SIGN_IDENTITY[sdk=iphoneos*]" = "iPhone Developer";
				COPY_PHASE_STRIP = NO;
				DEBUG_INFORMATION_FORMAT = dwarf;
				ENABLE_STRICT_OBJC_MSGSEND = YES;
				ENABLE_TESTABILITY = YES;
				GCC_C_LANGUAGE_STANDARD = gnu99;
				GCC_DYNAMIC_NO_PIC = NO;
				GCC_NO_COMMON_BLOCKS = YES;
				GCC_OPTIMIZATION_LEVEL = 0;
				GCC_PREPROCESSOR_DEFINITIONS = (
					"DEBUG=1",
					"$(inherited)",
				);
				GCC_WARN_64_TO_32_BIT_CONVERSION = YES;
				GCC_WARN_ABOUT_RETURN_TYPE = YES_ERROR;
				GCC_WARN_UNDECLARED_SELECTOR = YES;
				GCC_WARN_UNINITIALIZED_AUTOS = YES_AGGRESSIVE;
				GCC_WARN_UNUSED_FUNCTION = YES;
				GCC_WARN_UNUSED_VARIABLE = YES;
				IPHONEOS_DEPLOYMENT_TARGET = 10.2;
				MTL_ENABLE_DEBUG_INFO = YES;
				ONLY_ACTIVE_ARCH = YES;
				SDKROOT = iphoneos;
			};
			name = Debug;
		};
		077630601E57F7EB00A920D2 /* Release */ = {
			isa = XCBuildConfiguration;
			buildSettings = {
				ALWAYS_SEARCH_USER_PATHS = NO;
				CLANG_ANALYZER_NONNULL = YES;
				CLANG_CXX_LANGUAGE_STANDARD = "gnu++0x";
				CLANG_CXX_LIBRARY = "libc++";
				CLANG_ENABLE_MODULES = YES;
				CLANG_ENABLE_OBJC_ARC = YES;
				CLANG_WARN_BOOL_CONVERSION = YES;
				CLANG_WARN_CONSTANT_CONVERSION = YES;
				CLANG_WARN_DIRECT_OBJC_ISA_USAGE = YES_ERROR;
				CLANG_WARN_DOCUMENTATION_COMMENTS = YES;
				CLANG_WARN_EMPTY_BODY = YES;
				CLANG_WARN_ENUM_CONVERSION = YES;
				CLANG_WARN_INFINITE_RECURSION = YES;
				CLANG_WARN_INT_CONVERSION = YES;
				CLANG_WARN_OBJC_ROOT_CLASS = YES_ERROR;
				CLANG_WARN_SUSPICIOUS_MOVE = YES;
				CLANG_WARN_UNREACHABLE_CODE = YES;
				CLANG_WARN__DUPLICATE_METHOD_MATCH = YES;
				"CODE_SIGN_IDENTITY[sdk=iphoneos*]" = "iPhone Developer";
				COPY_PHASE_STRIP = NO;
				DEBUG_INFORMATION_FORMAT = "dwarf-with-dsym";
				ENABLE_NS_ASSERTIONS = NO;
				ENABLE_STRICT_OBJC_MSGSEND = YES;
				GCC_C_LANGUAGE_STANDARD = gnu99;
				GCC_NO_COMMON_BLOCKS = YES;
				GCC_WARN_64_TO_32_BIT_CONVERSION = YES;
				GCC_WARN_ABOUT_RETURN_TYPE = YES_ERROR;
				GCC_WARN_UNDECLARED_SELECTOR = YES;
				GCC_WARN_UNINITIALIZED_AUTOS = YES_AGGRESSIVE;
				GCC_WARN_UNUSED_FUNCTION = YES;
				GCC_WARN_UNUSED_VARIABLE = YES;
				IPHONEOS_DEPLOYMENT_TARGET = 10.2;
				MTL_ENABLE_DEBUG_INFO = NO;
				SDKROOT = iphoneos;
				VALIDATE_PRODUCT = YES;
			};
			name = Release;
		};
		077630621E57F7EB00A920D2 /* Debug */ = {
			isa = XCBuildConfiguration;
			buildSettings = {
				ASSETCATALOG_COMPILER_APPICON_NAME = AppIcon;
				DEVELOPMENT_TEAM = 4UED9RKQF6;
				INFOPLIST_FILE = demo/Info.plist;
				LD_RUNPATH_SEARCH_PATHS = "$(inherited) @executable_path/Frameworks";
				PRODUCT_BUNDLE_IDENTIFIER = eric.demo;
				PRODUCT_NAME = "$(TARGET_NAME)";
			};
			name = Debug;
		};
		077630631E57F7EB00A920D2 /* Release */ = {
			isa = XCBuildConfiguration;
			buildSettings = {
				ASSETCATALOG_COMPILER_APPICON_NAME = AppIcon;
				DEVELOPMENT_TEAM = 4UED9RKQF6;
				INFOPLIST_FILE = demo/Info.plist;
				LD_RUNPATH_SEARCH_PATHS = "$(inherited) @executable_path/Frameworks";
				PRODUCT_BUNDLE_IDENTIFIER = eric.demo;
				PRODUCT_NAME = "$(TARGET_NAME)";
			};
			name = Release;
		};
		077630651E57F7EB00A920D2 /* Debug */ = {
			isa = XCBuildConfiguration;
			buildSettings = {
				BUNDLE_LOADER = "$(TEST_HOST)";
				INFOPLIST_FILE = demoTests/Info.plist;
				LD_RUNPATH_SEARCH_PATHS = "$(inherited) @executable_path/Frameworks @loader_path/Frameworks";
				PRODUCT_BUNDLE_IDENTIFIER = eric.demoTests;
				PRODUCT_NAME = "$(TARGET_NAME)";
				TEST_HOST = "$(BUILT_PRODUCTS_DIR)/demo.app/demo";
			};
			name = Debug;
		};
		077630661E57F7EB00A920D2 /* Release */ = {
			isa = XCBuildConfiguration;
			buildSettings = {
				BUNDLE_LOADER = "$(TEST_HOST)";
				INFOPLIST_FILE = demoTests/Info.plist;
				LD_RUNPATH_SEARCH_PATHS = "$(inherited) @executable_path/Frameworks @loader_path/Frameworks";
				PRODUCT_BUNDLE_IDENTIFIER = eric.demoTests;
				PRODUCT_NAME = "$(TARGET_NAME)";
				TEST_HOST = "$(BUILT_PRODUCTS_DIR)/demo.app/demo";
			};
			name = Release;
		};
		077630681E57F7EB00A920D2 /* Debug */ = {
			isa = XCBuildConfiguration;
			buildSettings = {
				INFOPLIST_FILE = demoUITests/Info.plist;
				LD_RUNPATH_SEARCH_PATHS = "$(inherited) @executable_path/Frameworks @loader_path/Frameworks";
				PRODUCT_BUNDLE_IDENTIFIER = eric.demoUITests;
				PRODUCT_NAME = "$(TARGET_NAME)";
				TEST_TARGET_NAME = demo;
			};
			name = Debug;
		};
		077630691E57F7EB00A920D2 /* Release */ = {
			isa = XCBuildConfiguration;
			buildSettings = {
				INFOPLIST_FILE = demoUITests/Info.plist;
				LD_RUNPATH_SEARCH_PATHS = "$(inherited) @executable_path/Frameworks @loader_path/Frameworks";
				PRODUCT_BUNDLE_IDENTIFIER = eric.demoUITests;
				PRODUCT_NAME = "$(TARGET_NAME)";
				TEST_TARGET_NAME = demo;
			};
			name = Release;
		};
/* End XCBuildConfiguration section */

/* Begin XCConfigurationList section */
		0776302F1E57F7EA00A920D2 /* Build configuration list for PBXProject "demo" */ = {
			isa = XCConfigurationList;
			buildConfigurations = (
				0776305F1E57F7EB00A920D2 /* Debug */,
				077630601E57F7EB00A920D2 /* Release */,
			);
			defaultConfigurationIsVisible = 0;
			defaultConfigurationName = Release;
		};
		077630611E57F7EB00A920D2 /* Build configuration list for PBXNativeTarget "demo" */ = {
			isa = XCConfigurationList;
			buildConfigurations = (
				077630621E57F7EB00A920D2 /* Debug */,
				077630631E57F7EB00A920D2 /* Release */,
			);
			defaultConfigurationIsVisible = 0;
			defaultConfigurationName = Release;
		};
		077630641E57F7EB00A920D2 /* Build configuration list for PBXNativeTarget "demoTests" */ = {
			isa = XCConfigurationList;
			buildConfigurations = (
				077630651E57F7EB00A920D2 /* Debug */,
				077630661E57F7EB00A920D2 /* Release */,
			);
			defaultConfigurationIsVisible = 0;
			defaultConfigurationName = Release;
		};
		077630671E57F7EB00A920D2 /* Build configuration list for PBXNativeTarget "demoUITests" */ = {
			isa = XCConfigurationList;
			buildConfigurations = (
				077630681E57F7EB00A920D2 /* Debug */,
				077630691E57F7EB00A920D2 /* Release */,
			);
			defaultConfigurationIsVisible = 0;
			defaultConfigurationName = Release;
		};
/* End XCConfigurationList section */
	};
	rootObject = 0776302C1E57F7EA00A920D2 /* Project object */;
}
